
Microsoft Visual Studio Solution File, Format Version 12.00
# Visual Studio 15
VisualStudioVersion = 15.0.28010.2016
MinimumVisualStudioVersion = 10.0.40219.1
Project("{888888A0-9F3D-457C-B088-3A5042F75D52}") = "PythonApplicationExample", "PythonApplicationExample\PythonApplicationExample.pyproj", "{F66F8F9D-B85A-4EDC-A92C-6E0335D80BF0}"
EndProject
Global
	GlobalSection(SolutionConfigurationPlatforms) = preSolution
		Debug|Any CPU = Debug|Any CPU
		Release|Any CPU = Release|Any CPU
	EndGlobalSection
	GlobalSection(ProjectConfigurationPlatforms) = postSolution
		{F66F8F9D-B85A-4EDC-A92C-6E0335D80BF0}.Debug|Any CPU.ActiveCfg = Debug|Any CPU
		{F66F8F9D-B85A-4EDC-A92C-6E0335D80BF0}.Release|Any CPU.ActiveCfg = Release|Any CPU
	EndGlobalSection
	GlobalSection(SolutionProperties) = preSolution
		HideSolutionNode = FALSE
	EndGlobalSection
	GlobalSection(ExtensibilityGlobals) = postSolution
		SolutionGuid = {CDAB21E9-740A-46A9-9399-D7A6BEA350C4}
	EndGlobalSection
EndGlobal
